<?xml version="1.0" encoding="utf-8"?>
<Project ToolsVersion="4.0" xmlns="http://schemas.microsoft.com/developer/msbuild/2003">
  <ItemGroup>
    <Filter Include="Source Files">
      <UniqueIdentifier>{4FC737F1-C7A5-4376-A066-2A32D752A2FF}</UniqueIdentifier>
      <Extensions>cpp;c;cc;cxx;def;odl;idl;hpj;bat;asm;asmx</Extensions>
    </Filter>
    <Filter Include="Header Files">
      <UniqueIdentifier>{93995380-89BD-4b04-88EB-625FBE52EBFB}</UniqueIdentifier>
      <Extensions>h;hh;hpp;hxx;hm;inl;inc;xsd</Extensions>
    </Filter>
    <Filter Include="Form Files">
      <UniqueIdentifier>{99349809-55BA-4b9d-BF79-8FDBB0286EB3}</UniqueIdentifier>
      <Extensions>ui</Extensions>
    </Filter>
    <Filter Include="Translation Files">
      <UniqueIdentifier>{639EADAA-A684-42e4-A9AD-28FC9BCB8F7C}</UniqueIdentifier>
      <Extensions>ts</Extensions>
    </Filter>
    <Filter Include="Source Files\Resource Files">
      <UniqueIdentifier>{67DA6AB6-F800-4c08-8B7A-83BB121AAD01}</UniqueIdentifier>
      <Extensions>qrc;rc;ico;cur;bmp;dlg;rc2;rct;bin;rgs;gif;jpg;jpeg;jpe;resx;tiff;tif;png;wav;mfcribbon-ms</Extensions>
    </Filter>
  </ItemGroup>
  <ItemGroup>
    <QtRcc Include="QClient.qrc">
      <Filter>Source Files\Resource Files</Filter>
    </QtRcc>
    <QtUic Include="QClient.ui">
      <Filter>Form Files</Filter>
    </QtUic>
    <QtMoc Include="QClient.h">
      <Filter>Header Files</Filter>
    </QtMoc>
    <ClCompile Include="QClient.cpp">
      <Filter>Source Files</Filter>
    </ClCompile>
    <QtRcc Include="Icon_Resource.qrc">
      <Filter>Source Files\Resource Files</Filter>
    </QtRcc>
  </ItemGroup>
  <ItemGroup>
    <ClCompile Include="main.cpp">
      <Filter>Source Files</Filter>
    </ClCompile>
    <ClCompile Include="FirstForm.cpp">
      <Filter>Source Files</Filter>
    </ClCompile>
    <ClCompile Include="RegisterForm.cpp">
      <Filter>Source Files</Filter>
    </ClCompile>
    <ClCompile Include="LoginForm.cpp">
      <Filter>Source Files</Filter>
    </ClCompile>
    <ClCompile Include="TreeModel.cpp">
      <Filter>Source Files</Filter>
    </ClCompile>
    <ClCompile Include="TreeItem.cpp">
      <Filter>Source Files</Filter>
    </ClCompile>
    <ClCompile Include="NewNode.cpp">
      <Filter>Source Files</Filter>
    </ClCompile>
    <ClCompile Include="Find_Form.cpp">
      <Filter>Source Files</Filter>
    </ClCompile>
    <ClCompile Include="Replace_Form.cpp">
      <Filter>Source Files</Filter>
    </ClCompile>
    <ClCompile Include="UserForm.cpp">
      <Filter>Source Files</Filter>
    </ClCompile>
    <ClCompile Include="ChangePassForm.cpp">
      <Filter>Source Files</Filter>
    </ClCompile>
    <ClCompile Include="Table_Dialog.cpp">
      <Filter>Source Files</Filter>
    </ClCompile>
  </ItemGroup>
  <ItemGroup>
    <ClInclude Include="IUser.h">
      <Filter>Header Files</Filter>
    </ClInclude>
    <ClInclude Include="Common_function.h">
      <Filter>Header Files</Filter>
    </ClInclude>
    <ClInclude Include="resource.h">
      <Filter>Header Files</Filter>
    </ClInclude>
  </ItemGroup>
  <ItemGroup>
    <QtUic Include="FirstForm.ui">
      <Filter>Form Files</Filter>
    </QtUic>
    <QtUic Include="RegisterForm.ui">
      <Filter>Form Files</Filter>
    </QtUic>
    <QtUic Include="Find_Form.ui">
      <Filter>Form Files</Filter>
    </QtUic>
    <QtUic Include="Replace_Form.ui">
      <Filter>Form Files</Filter>
    </QtUic>
    <QtUic Include="LoginForm.ui">
      <Filter>Form Files</Filter>
    </QtUic>
    <QtUic Include="NewNode.ui">
      <Filter>Form Files</Filter>
    </QtUic>
    <QtUic Include="UserForm.ui">
      <Filter>Form Files</Filter>
    </QtUic>
    <QtUic Include="ChangePassForm.ui">
      <Filter>Form Files</Filter>
    </QtUic>
    <QtUic Include="Table_Dialog.ui">
      <Filter>Form Files</Filter>
    </QtUic>
  </ItemGroup>
  <ItemGroup>
    <QtMoc Include="FirstForm.h">
      <Filter>Header Files</Filter>
    </QtMoc>
    <QtMoc Include="RegisterForm.h">
      <Filter>Header Files</Filter>
    </QtMoc>
    <QtMoc Include="Find_Form.h">
      <Filter>Header Files</Filter>
    </QtMoc>
    <QtMoc Include="Replace_Form.h">
      <Filter>Header Files</Filter>
    </QtMoc>
    <QtMoc Include="LoginForm.h">
      <Filter>Header Files</Filter>
    </QtMoc>
    <QtMoc Include="TreeModel.h">
      <Filter>Header Files</Filter>
    </QtMoc>
    <QtMoc Include="NewNode.h">
      <Filter>Header Files</Filter>
    </QtMoc>
    <QtMoc Include="TreeItem.h">
      <Filter>Header Files</Filter>
    </QtMoc>
    <QtMoc Include="UserForm.h">
      <Filter>Header Files</Filter>
    </QtMoc>
    <QtMoc Include="ChangePassForm.h">
      <Filter>Header Files</Filter>
    </QtMoc>
    <QtMoc Include="Table_Dialog.h">
      <Filter>Header Files</Filter>
    </QtMoc>
  </ItemGroup>
  <ItemGroup>
    <ResourceCompile Include="QClient.rc">
      <Filter>Source Files\Resource Files</Filter>
    </ResourceCompile>
  </ItemGroup>
</Project>